
Microsoft Visual Studio Solution File, Format Version 12.00
# Visual Studio Version 16
VisualStudioVersion = 16.0.30002.166
MinimumVisualStudioVersion = 10.0.40219.1
Project("{FAE04EC0-301F-11D3-BF4B-00C04F79EFBC}") = "Spencer's Simple OCR", "Spencer's Simple OCR.csproj", "{D4D82974-AC34-4C95-96AE-2D26C016CF54}"
EndProject
Global
	GlobalSection(SolutionConfigurationPlatforms) = preSolution
		Debug|Any CPU = Debug|Any CPU
		Release|Any CPU = Release|Any CPU
	EndGlobalSection
	GlobalSection(ProjectConfigurationPlatforms) = postSolution
		{D4D82974-AC34-4C95-96AE-2D26C016CF54}.Debug|Any CPU.ActiveCfg = Debug|Any CPU
		{D4D82974-AC34-4C95-96AE-2D26C016CF54}.Debug|Any CPU.Build.0 = Debug|Any CPU
		{D4D82974-AC34-4C95-96AE-2D26C016CF54}.Release|Any CPU.ActiveCfg = Release|Any CPU
		{D4D82974-AC34-4C95-96AE-2D26C016CF54}.Release|Any CPU.Build.0 = Release|Any CPU
	EndGlobalSection
	GlobalSection(SolutionProperties) = preSolution
		HideSolutionNode = FALSE
	EndGlobalSection
	GlobalSection(ExtensibilityGlobals) = postSolution
		SolutionGuid = {4444DDCE-A3FA-46B7-8217-0A7CEE9E2C02}
	EndGlobalSection
EndGlobal
